
Microsoft Visual Studio Solution File, Format Version 12.00
# Visual Studio Version 17
VisualStudioVersion = 17.0.32014.148
MinimumVisualStudioVersion = 10.0.40219.1
Project("{9A19103F-16F7-4668-BE54-9A1E7A4F7556}") = "AnsiVtConsole.NetCore", "AnsiVtConsole.NetCore\AnsiVtConsole.NetCore.csproj", "{72B1CBA5-B4C1-4B1B-907E-7BCAE9CC7557}"
EndProject
Project("{2150E333-8FDC-42A3-9474-1A3956D46DE8}") = "Solution Items", "Solution Items", "{196A14D8-B446-482A-8B5E-9CD986A0C5A3}"
	ProjectSection(SolutionItems) = preProject
		.editorconfig = .editorconfig
		.gitattributes = .gitattributes
		.gitignore = .gitignore
		LICENSE.md = LICENSE.md
		publish-nuget.bat = publish-nuget.bat
		AnsiVtConsole.NetCore\README.md = AnsiVtConsole.NetCore\README.md
	EndProjectSection
EndProject
Project("{9A19103F-16F7-4668-BE54-9A1E7A4F7556}") = "AnsiVtConsole.NetCore.Examples", "AnsiVtConsole.NetCore.Examples\AnsiVtConsole.NetCore.Examples.csproj", "{81478669-85E5-4F1E-9A87-8D9E85F75B50}"
EndProject
Project("{2150E333-8FDC-42A3-9474-1A3956D46DE8}") = "assets", "assets", "{5F978492-9C45-40F3-9D70-B3283498F57D}"
	ProjectSection(SolutionItems) = preProject
		assets\ascii-icon.png = assets\ascii-icon.png
		assets\example1.png = assets\example1.png
		assets\example2.png = assets\example2.png
		assets\example3.png = assets\example3.png
		assets\example4.png = assets\example4.png
		assets\example5.png = assets\example5.png
		assets\example6.png = assets\example6.png
		assets\example7.png = assets\example7.png
		assets\output.png = assets\output.png
		assets\title.png = assets\title.png
	EndProjectSection
EndProject
Project("{9A19103F-16F7-4668-BE54-9A1E7A4F7556}") = "AnsiVtConsole.NetCore.CommandLine", "AnsiVtConsole.NetCore.CommandLine\AnsiVtConsole.NetCore.CommandLine.csproj", "{035A4809-9FC6-422F-88FD-5F9CC8DE1BBC}"
EndProject
Project("{9A19103F-16F7-4668-BE54-9A1E7A4F7556}") = "AnsiVtConsole.NetCore.Imaging", "AnsiVtConsole.NetCore.Imaging\AnsiVtConsole.NetCore.Imaging.csproj", "{C4E2C3AA-A537-4A05-A1D7-797D4A3ACA0E}"
EndProject
Global
	GlobalSection(SolutionConfigurationPlatforms) = preSolution
		Debug|Any CPU = Debug|Any CPU
		Debug|x86 = Debug|x86
		Release|Any CPU = Release|Any CPU
		Release|x86 = Release|x86
	EndGlobalSection
	GlobalSection(ProjectConfigurationPlatforms) = postSolution
		{72B1CBA5-B4C1-4B1B-907E-7BCAE9CC7557}.Debug|Any CPU.ActiveCfg = Debug|Any CPU
		{72B1CBA5-B4C1-4B1B-907E-7BCAE9CC7557}.Debug|Any CPU.Build.0 = Debug|Any CPU
		{72B1CBA5-B4C1-4B1B-907E-7BCAE9CC7557}.Debug|x86.ActiveCfg = Debug|x86
		{72B1CBA5-B4C1-4B1B-907E-7BCAE9CC7557}.Debug|x86.Build.0 = Debug|x86
		{72B1CBA5-B4C1-4B1B-907E-7BCAE9CC7557}.Release|Any CPU.ActiveCfg = Release|Any CPU
		{72B1CBA5-B4C1-4B1B-907E-7BCAE9CC7557}.Release|Any CPU.Build.0 = Release|Any CPU
		{72B1CBA5-B4C1-4B1B-907E-7BCAE9CC7557}.Release|x86.ActiveCfg = Release|x86
		{72B1CBA5-B4C1-4B1B-907E-7BCAE9CC7557}.Release|x86.Build.0 = Release|x86
		{81478669-85E5-4F1E-9A87-8D9E85F75B50}.Debug|Any CPU.ActiveCfg = Debug|Any CPU
		{81478669-85E5-4F1E-9A87-8D9E85F75B50}.Debug|Any CPU.Build.0 = Debug|Any CPU
		{81478669-85E5-4F1E-9A87-8D9E85F75B50}.Debug|x86.ActiveCfg = Debug|Any CPU
		{81478669-85E5-4F1E-9A87-8D9E85F75B50}.Debug|x86.Build.0 = Debug|Any CPU
		{81478669-85E5-4F1E-9A87-8D9E85F75B50}.Release|Any CPU.ActiveCfg = Release|Any CPU
		{81478669-85E5-4F1E-9A87-8D9E85F75B50}.Release|Any CPU.Build.0 = Release|Any CPU
		{81478669-85E5-4F1E-9A87-8D9E85F75B50}.Release|x86.ActiveCfg = Release|Any CPU
		{81478669-85E5-4F1E-9A87-8D9E85F75B50}.Release|x86.Build.0 = Release|Any CPU
		{035A4809-9FC6-422F-88FD-5F9CC8DE1BBC}.Debug|Any CPU.ActiveCfg = Debug|Any CPU
		{035A4809-9FC6-422F-88FD-5F9CC8DE1BBC}.Debug|Any CPU.Build.0 = Debug|Any CPU
		{035A4809-9FC6-422F-88FD-5F9CC8DE1BBC}.Debug|x86.ActiveCfg = Debug|Any CPU
		{035A4809-9FC6-422F-88FD-5F9CC8DE1BBC}.Debug|x86.Build.0 = Debug|Any CPU
		{035A4809-9FC6-422F-88FD-5F9CC8DE1BBC}.Release|Any CPU.ActiveCfg = Release|Any CPU
		{035A4809-9FC6-422F-88FD-5F9CC8DE1BBC}.Release|Any CPU.Build.0 = Release|Any CPU
		{035A4809-9FC6-422F-88FD-5F9CC8DE1BBC}.Release|x86.ActiveCfg = Release|Any CPU
		{035A4809-9FC6-422F-88FD-5F9CC8DE1BBC}.Release|x86.Build.0 = Release|Any CPU
		{C4E2C3AA-A537-4A05-A1D7-797D4A3ACA0E}.Debug|Any CPU.ActiveCfg = Debug|Any CPU
		{C4E2C3AA-A537-4A05-A1D7-797D4A3ACA0E}.Debug|Any CPU.Build.0 = Debug|Any CPU
		{C4E2C3AA-A537-4A05-A1D7-797D4A3ACA0E}.Debug|x86.ActiveCfg = Debug|Any CPU
		{C4E2C3AA-A537-4A05-A1D7-797D4A3ACA0E}.Debug|x86.Build.0 = Debug|Any CPU
		{C4E2C3AA-A537-4A05-A1D7-797D4A3ACA0E}.Release|Any CPU.ActiveCfg = Release|Any CPU
		{C4E2C3AA-A537-4A05-A1D7-797D4A3ACA0E}.Release|Any CPU.Build.0 = Release|Any CPU
		{C4E2C3AA-A537-4A05-A1D7-797D4A3ACA0E}.Release|x86.ActiveCfg = Release|Any CPU
		{C4E2C3AA-A537-4A05-A1D7-797D4A3ACA0E}.Release|x86.Build.0 = Release|Any CPU
	EndGlobalSection
	GlobalSection(SolutionProperties) = preSolution
		HideSolutionNode = FALSE
	EndGlobalSection
	GlobalSection(NestedProjects) = preSolution
		{5F978492-9C45-40F3-9D70-B3283498F57D} = {196A14D8-B446-482A-8B5E-9CD986A0C5A3}
	EndGlobalSection
	GlobalSection(ExtensibilityGlobals) = postSolution
		SolutionGuid = {E8B5B602-B2FB-4A96-9DA0-5085D1844222}
	EndGlobalSection
EndGlobal
